{
  "originHash" : "74e9efa07f120ba47266a1c584384c4e4d4ab5c9173e217c91492a2fed8d2455",
  "pins" : [
    {
      "identity" : "codescanner",
      "kind" : "remoteSourceControl",
      "location" : "https://github.com/twostraws/CodeScanner.git",
      "state" : {
        "revision" : "5e886430238944c7200fc9e10dbf2d9550dba865",
        "version" : "2.5.2"
      }
    },
    {
      "identity" : "eitri-ios",
      "kind" : "remoteSourceControl",
      "location" : "https://github.com/Calindra/eitri-ios",
      "state" : {
        "revision" : "7ca59988c4920547605b5c182eff0ba6292d81be",
        "version" : "5.0.0"
      }
    },
    {
      "identity" : "eitri-ios-contracts",
      "kind" : "remoteSourceControl",
      "location" : "https://github.com/Calindra/eitri-ios-contracts.git",
      "state" : {
        "revision" : "cf0f7e9b8eb4c8ec179caf792f1e44b8dae76526",
        "version" : "4.0.0"
      }
    }
  ],
  "version" : 3
}
